Microsoft Visual Studio Solution File, Format Version 12.00
# Visual Studio Version 17
VisualStudioVersion = 17.0.31903.59
MinimumVisualStudioVersion = 10.0.40219.1
Project("{FAE04EC0-301F-11D3-BF4B-00C04F79EFBC}") = "NfeAgendamento.App", "src\NfeAgendamento.App\NfeAgendamento.App.csproj", "{2F02487A-589F-4F8D-9514-A419D7649F66}"
EndProject
Project("{FAE04EC0-301F-11D3-BF4B-00C04F79EFBC}") = "NfeAgendamento.App.Tests", "tests\NfeAgendamento.App.Tests\NfeAgendamento.App.Tests.csproj", "{80B1C35F-348C-464F-81B3-C2414613FFEA}"
EndProject
Global
	GlobalSection(SolutionConfigurationPlatforms) = preSolution
		Debug|Any CPU = Debug|Any CPU
		Release|Any CPU = Release|Any CPU
	EndGlobalSection
	GlobalSection(ProjectConfigurationPlatforms) = postSolution
		{2F02487A-589F-4F8D-9514-A419D7649F66}.Debug|Any CPU.ActiveCfg = Debug|Any CPU
		{2F02487A-589F-4F8D-9514-A419D7649F66}.Debug|Any CPU.Build.0 = Debug|Any CPU
		{2F02487A-589F-4F8D-9514-A419D7649F66}.Release|Any CPU.ActiveCfg = Release|Any CPU
		{2F02487A-589F-4F8D-9514-A419D7649F66}.Release|Any CPU.Build.0 = Release|Any CPU
		{80B1C35F-348C-464F-81B3-C2414613FFEA}.Debug|Any CPU.ActiveCfg = Debug|Any CPU
		{80B1C35F-348C-464F-81B3-C2414613FFEA}.Debug|Any CPU.Build.0 = Debug|Any CPU
		{80B1C35F-348C-464F-81B3-C2414613FFEA}.Release|Any CPU.ActiveCfg = Release|Any CPU
		{80B1C35F-348C-464F-81B3-C2414613FFEA}.Release|Any CPU.Build.0 = Release|Any CPU
	EndGlobalSection
EndGlobal
